
Microsoft Visual Studio Solution File, Format Version 12.00
# Visual Studio 2013
VisualStudioVersion = 12.0.40629.0
MinimumVisualStudioVersion = 10.0.40219.1
Project("{2150E333-8FDC-42A3-9474-1A3956D46DE8}") = "Ubik.Web", "Ubik.Web", "{18A10018-E3B7-46C4-B4BF-CA880F136DDE}"
EndProject
Project("{FAE04EC0-301F-11D3-BF4B-00C04F79EFBC}") = "Ubik.Web.Components", "Ubik.Web.Components\Ubik.Web.Components.csproj", "{8D91A185-358B-4E6E-9D3A-A1CF51DA7251}"
EndProject
Project("{FAE04EC0-301F-11D3-BF4B-00C04F79EFBC}") = "Ubik.Web.Cms", "Ubik.Web.Cms\Ubik.Web.Cms.csproj", "{54A78BF9-AC25-4E8E-9BCF-0628ED0DB2AF}"
EndProject
Project("{FAE04EC0-301F-11D3-BF4B-00C04F79EFBC}") = "Ubik.Test.MvcClient", "Ubik.Test.MvcClient\Ubik.Test.MvcClient.csproj", "{1C43CB94-5AAF-45C5-B1FD-33FC298580D2}"
EndProject
Project("{FAE04EC0-301F-11D3-BF4B-00C04F79EFBC}") = "Ubik.Web.Auth", "Ubik.Web.Auth\Ubik.Web.Auth.csproj", "{78A78FA0-EC82-45B9-824B-F356A046137F}"
EndProject
Project("{FAE04EC0-301F-11D3-BF4B-00C04F79EFBC}") = "Ubik.Web.Infra", "Ubik.Web.Infra\Ubik.Web.Infra.csproj", "{7EACFD79-0D49-43C3-A388-ABC4B0DDFE82}"
EndProject
Project("{2150E333-8FDC-42A3-9474-1A3956D46DE8}") = "Ubik.Infrastructure", "Ubik.Infrastructure", "{0EAC63AC-7511-4196-9E56-5D038A73577E}"
EndProject
Project("{FAE04EC0-301F-11D3-BF4B-00C04F79EFBC}") = "Ubik.Infra", "Ubik.Infra\Ubik.Infra.csproj", "{F7CB1815-5D42-469D-9A35-5C3EF88733E5}"
EndProject
Project("{FAE04EC0-301F-11D3-BF4B-00C04F79EFBC}") = "Ubik.EF", "Ubik.EF\Ubik.EF.csproj", "{791FC149-AE57-4DE0-B4DA-12B47216E131}"
EndProject
Project("{2150E333-8FDC-42A3-9474-1A3956D46DE8}") = "src", "src", "{513B8330-F523-4A88-8368-A8062CEA662D}"
EndProject
Project("{FAE04EC0-301F-11D3-BF4B-00C04F79EFBC}") = "Ubik.Web.EF", "Ubik.Web.EF\Ubik.Web.EF.csproj", "{79096B8A-1722-4954-8713-2BEE52B865EE}"
EndProject
Project("{00D1A9C2-B5F0-4AF3-8072-F6C62B433612}") = "Ubik.Web.MsSql", "Ubik.Web.MsSql\Ubik.Web.MsSql.sqlproj", "{E0988E93-AF00-4F8D-82F4-57B918E2227F}"
EndProject
Project("{FAE04EC0-301F-11D3-BF4B-00C04F79EFBC}") = "Ubik.UI.MVC", "Ubik.UI.MVC\Ubik.UI.MVC.csproj", "{494CF1CE-D8A6-4854-ADF6-F441387A8203}"
EndProject
Project("{FAE04EC0-301F-11D3-BF4B-00C04F79EFBC}") = "Ubik.Web.Backoffice", "Ubik.Web.Backoffice\Ubik.Web.Backoffice.csproj", "{D67E5CD5-3070-4FED-8FA3-60DEA4337732}"
EndProject
Project("{2150E333-8FDC-42A3-9474-1A3956D46DE8}") = "Ubik.Web.Client", "Ubik.Web.Client", "{04B503F1-B2FB-42BE-8F18-C39AED9C7747}"
EndProject
Project("{2150E333-8FDC-42A3-9474-1A3956D46DE8}") = "test.UI", "test.UI", "{7DEFFF9A-CAE4-4D33-A092-44CBAAD30530}"
EndProject
Project("{FAE04EC0-301F-11D3-BF4B-00C04F79EFBC}") = "Ubik.Cache", "Ubik.Cache\Ubik.Cache.csproj", "{C5E7659F-0F0A-4A57-83C1-6F797767C04A}"
EndProject
Project("{FAE04EC0-301F-11D3-BF4B-00C04F79EFBC}") = "Ubik.Web.Components.AntiCorruption", "Ubik.Web.Components.AntiCorruption\Ubik.Web.Components.AntiCorruption.csproj", "{099656F4-BFF4-44B6-8528-3B294380DFFE}"
EndProject
Global
	GlobalSection(SolutionConfigurationPlatforms) = preSolution
		Debug|Any CPU = Debug|Any CPU
		Release|Any CPU = Release|Any CPU
	EndGlobalSection
	GlobalSection(ProjectConfigurationPlatforms) = postSolution
		{8D91A185-358B-4E6E-9D3A-A1CF51DA7251}.Debug|Any CPU.ActiveCfg = Debug|Any CPU
		{8D91A185-358B-4E6E-9D3A-A1CF51DA7251}.Debug|Any CPU.Build.0 = Debug|Any CPU
		{8D91A185-358B-4E6E-9D3A-A1CF51DA7251}.Release|Any CPU.ActiveCfg = Release|Any CPU
		{8D91A185-358B-4E6E-9D3A-A1CF51DA7251}.Release|Any CPU.Build.0 = Release|Any CPU
		{54A78BF9-AC25-4E8E-9BCF-0628ED0DB2AF}.Debug|Any CPU.ActiveCfg = Debug|Any CPU
		{54A78BF9-AC25-4E8E-9BCF-0628ED0DB2AF}.Debug|Any CPU.Build.0 = Debug|Any CPU
		{54A78BF9-AC25-4E8E-9BCF-0628ED0DB2AF}.Release|Any CPU.ActiveCfg = Release|Any CPU
		{54A78BF9-AC25-4E8E-9BCF-0628ED0DB2AF}.Release|Any CPU.Build.0 = Release|Any CPU
		{1C43CB94-5AAF-45C5-B1FD-33FC298580D2}.Debug|Any CPU.ActiveCfg = Debug|Any CPU
		{1C43CB94-5AAF-45C5-B1FD-33FC298580D2}.Debug|Any CPU.Build.0 = Debug|Any CPU
		{1C43CB94-5AAF-45C5-B1FD-33FC298580D2}.Release|Any CPU.ActiveCfg = Release|Any CPU
		{1C43CB94-5AAF-45C5-B1FD-33FC298580D2}.Release|Any CPU.Build.0 = Release|Any CPU
		{78A78FA0-EC82-45B9-824B-F356A046137F}.Debug|Any CPU.ActiveCfg = Debug|Any CPU
		{78A78FA0-EC82-45B9-824B-F356A046137F}.Debug|Any CPU.Build.0 = Debug|Any CPU
		{78A78FA0-EC82-45B9-824B-F356A046137F}.Release|Any CPU.ActiveCfg = Release|Any CPU
		{78A78FA0-EC82-45B9-824B-F356A046137F}.Release|Any CPU.Build.0 = Release|Any CPU
		{7EACFD79-0D49-43C3-A388-ABC4B0DDFE82}.Debug|Any CPU.ActiveCfg = Debug|Any CPU
		{7EACFD79-0D49-43C3-A388-ABC4B0DDFE82}.Debug|Any CPU.Build.0 = Debug|Any CPU
		{7EACFD79-0D49-43C3-A388-ABC4B0DDFE82}.Release|Any CPU.ActiveCfg = Release|Any CPU
		{7EACFD79-0D49-43C3-A388-ABC4B0DDFE82}.Release|Any CPU.Build.0 = Release|Any CPU
		{F7CB1815-5D42-469D-9A35-5C3EF88733E5}.Debug|Any CPU.ActiveCfg = Debug|Any CPU
		{F7CB1815-5D42-469D-9A35-5C3EF88733E5}.Debug|Any CPU.Build.0 = Debug|Any CPU
		{F7CB1815-5D42-469D-9A35-5C3EF88733E5}.Release|Any CPU.ActiveCfg = Release|Any CPU
		{F7CB1815-5D42-469D-9A35-5C3EF88733E5}.Release|Any CPU.Build.0 = Release|Any CPU
		{791FC149-AE57-4DE0-B4DA-12B47216E131}.Debug|Any CPU.ActiveCfg = Debug|Any CPU
		{791FC149-AE57-4DE0-B4DA-12B47216E131}.Debug|Any CPU.Build.0 = Debug|Any CPU
		{791FC149-AE57-4DE0-B4DA-12B47216E131}.Release|Any CPU.ActiveCfg = Release|Any CPU
		{791FC149-AE57-4DE0-B4DA-12B47216E131}.Release|Any CPU.Build.0 = Release|Any CPU
		{79096B8A-1722-4954-8713-2BEE52B865EE}.Debug|Any CPU.ActiveCfg = Debug|Any CPU
		{79096B8A-1722-4954-8713-2BEE52B865EE}.Debug|Any CPU.Build.0 = Debug|Any CPU
		{79096B8A-1722-4954-8713-2BEE52B865EE}.Release|Any CPU.ActiveCfg = Release|Any CPU
		{79096B8A-1722-4954-8713-2BEE52B865EE}.Release|Any CPU.Build.0 = Release|Any CPU
		{E0988E93-AF00-4F8D-82F4-57B918E2227F}.Debug|Any CPU.ActiveCfg = Debug|Any CPU
		{E0988E93-AF00-4F8D-82F4-57B918E2227F}.Debug|Any CPU.Build.0 = Debug|Any CPU
		{E0988E93-AF00-4F8D-82F4-57B918E2227F}.Debug|Any CPU.Deploy.0 = Debug|Any CPU
		{E0988E93-AF00-4F8D-82F4-57B918E2227F}.Release|Any CPU.ActiveCfg = Release|Any CPU
		{E0988E93-AF00-4F8D-82F4-57B918E2227F}.Release|Any CPU.Build.0 = Release|Any CPU
		{E0988E93-AF00-4F8D-82F4-57B918E2227F}.Release|Any CPU.Deploy.0 = Release|Any CPU
		{494CF1CE-D8A6-4854-ADF6-F441387A8203}.Debug|Any CPU.ActiveCfg = Debug|Any CPU
		{494CF1CE-D8A6-4854-ADF6-F441387A8203}.Debug|Any CPU.Build.0 = Debug|Any CPU
		{494CF1CE-D8A6-4854-ADF6-F441387A8203}.Release|Any CPU.ActiveCfg = Release|Any CPU
		{494CF1CE-D8A6-4854-ADF6-F441387A8203}.Release|Any CPU.Build.0 = Release|Any CPU
		{D67E5CD5-3070-4FED-8FA3-60DEA4337732}.Debug|Any CPU.ActiveCfg = Debug|Any CPU
		{D67E5CD5-3070-4FED-8FA3-60DEA4337732}.Debug|Any CPU.Build.0 = Debug|Any CPU
		{D67E5CD5-3070-4FED-8FA3-60DEA4337732}.Release|Any CPU.ActiveCfg = Release|Any CPU
		{D67E5CD5-3070-4FED-8FA3-60DEA4337732}.Release|Any CPU.Build.0 = Release|Any CPU
		{C5E7659F-0F0A-4A57-83C1-6F797767C04A}.Debug|Any CPU.ActiveCfg = Debug|Any CPU
		{C5E7659F-0F0A-4A57-83C1-6F797767C04A}.Debug|Any CPU.Build.0 = Debug|Any CPU
		{C5E7659F-0F0A-4A57-83C1-6F797767C04A}.Release|Any CPU.ActiveCfg = Release|Any CPU
		{C5E7659F-0F0A-4A57-83C1-6F797767C04A}.Release|Any CPU.Build.0 = Release|Any CPU
		{099656F4-BFF4-44B6-8528-3B294380DFFE}.Debug|Any CPU.ActiveCfg = Debug|Any CPU
		{099656F4-BFF4-44B6-8528-3B294380DFFE}.Debug|Any CPU.Build.0 = Debug|Any CPU
		{099656F4-BFF4-44B6-8528-3B294380DFFE}.Release|Any CPU.ActiveCfg = Release|Any CPU
		{099656F4-BFF4-44B6-8528-3B294380DFFE}.Release|Any CPU.Build.0 = Release|Any CPU
	EndGlobalSection
	GlobalSection(SolutionProperties) = preSolution
		HideSolutionNode = FALSE
	EndGlobalSection
	GlobalSection(NestedProjects) = preSolution
		{18A10018-E3B7-46C4-B4BF-CA880F136DDE} = {513B8330-F523-4A88-8368-A8062CEA662D}
		{8D91A185-358B-4E6E-9D3A-A1CF51DA7251} = {18A10018-E3B7-46C4-B4BF-CA880F136DDE}
		{54A78BF9-AC25-4E8E-9BCF-0628ED0DB2AF} = {18A10018-E3B7-46C4-B4BF-CA880F136DDE}
		{1C43CB94-5AAF-45C5-B1FD-33FC298580D2} = {7DEFFF9A-CAE4-4D33-A092-44CBAAD30530}
		{78A78FA0-EC82-45B9-824B-F356A046137F} = {18A10018-E3B7-46C4-B4BF-CA880F136DDE}
		{7EACFD79-0D49-43C3-A388-ABC4B0DDFE82} = {18A10018-E3B7-46C4-B4BF-CA880F136DDE}
		{0EAC63AC-7511-4196-9E56-5D038A73577E} = {513B8330-F523-4A88-8368-A8062CEA662D}
		{F7CB1815-5D42-469D-9A35-5C3EF88733E5} = {0EAC63AC-7511-4196-9E56-5D038A73577E}
		{791FC149-AE57-4DE0-B4DA-12B47216E131} = {0EAC63AC-7511-4196-9E56-5D038A73577E}
		{79096B8A-1722-4954-8713-2BEE52B865EE} = {18A10018-E3B7-46C4-B4BF-CA880F136DDE}
		{E0988E93-AF00-4F8D-82F4-57B918E2227F} = {513B8330-F523-4A88-8368-A8062CEA662D}
		{494CF1CE-D8A6-4854-ADF6-F441387A8203} = {513B8330-F523-4A88-8368-A8062CEA662D}
		{D67E5CD5-3070-4FED-8FA3-60DEA4337732} = {04B503F1-B2FB-42BE-8F18-C39AED9C7747}
		{04B503F1-B2FB-42BE-8F18-C39AED9C7747} = {513B8330-F523-4A88-8368-A8062CEA662D}
		{7DEFFF9A-CAE4-4D33-A092-44CBAAD30530} = {513B8330-F523-4A88-8368-A8062CEA662D}
		{C5E7659F-0F0A-4A57-83C1-6F797767C04A} = {0EAC63AC-7511-4196-9E56-5D038A73577E}
		{099656F4-BFF4-44B6-8528-3B294380DFFE} = {18A10018-E3B7-46C4-B4BF-CA880F136DDE}
	EndGlobalSection
EndGlobal
